
Microsoft Visual Studio Solution File, Format Version 12.00
# Visual Studio Version 16
VisualStudioVersion = 16.0.30621.155
MinimumVisualStudioVersion = 10.0.40219.1
Project("{FAE04EC0-301F-11D3-BF4B-00C04F79EFBC}") = "WpfApp2", "WpfApp2\WpfApp2.csproj", "{06A57326-483E-4DB6-8903-E5025CBDD1CB}"
EndProject
Global
	GlobalSection(SolutionConfigurationPlatforms) = preSolution
		Debug|Any CPU = Debug|Any CPU
		Release|Any CPU = Release|Any CPU
	EndGlobalSection
	GlobalSection(ProjectConfigurationPlatforms) = postSolution
		{06A57326-483E-4DB6-8903-E5025CBDD1CB}.Debug|Any CPU.ActiveCfg = Debug|Any CPU
		{06A57326-483E-4DB6-8903-E5025CBDD1CB}.Debug|Any CPU.Build.0 = Debug|Any CPU
		{06A57326-483E-4DB6-8903-E5025CBDD1CB}.Release|Any CPU.ActiveCfg = Release|Any CPU
		{06A57326-483E-4DB6-8903-E5025CBDD1CB}.Release|Any CPU.Build.0 = Release|Any CPU
	EndGlobalSection
	GlobalSection(SolutionProperties) = preSolution
		HideSolutionNode = FALSE
	EndGlobalSection
	GlobalSection(ExtensibilityGlobals) = postSolution
		SolutionGuid = {66328602-387C-4EAF-A5E8-86D987355312}
	EndGlobalSection
EndGlobal
